
Microsoft Visual Studio Solution File, Format Version 12.00
# Visual Studio 15
VisualStudioVersion = 15.0.28307.168
MinimumVisualStudioVersion = 10.0.40219.1
Project("{9A19103F-16F7-4668-BE54-9A1E7A4F7556}") = "EVS362.PropertyHub.WebUI", "EVS362.PropertyHub.WebUI\EVS362.PropertyHub.WebUI.csproj", "{468D7B71-7E24-4F4C-AA83-2EA319F33E61}"
EndProject
Project("{9A19103F-16F7-4668-BE54-9A1E7A4F7556}") = "EVS360", "EVS360\EVS360.csproj", "{02BE3859-5CD2-4A81-A6BD-ADF658A4A1DB}"
EndProject
Global
	GlobalSection(SolutionConfigurationPlatforms) = preSolution
		Debug|Any CPU = Debug|Any CPU
		Release|Any CPU = Release|Any CPU
	EndGlobalSection
	GlobalSection(ProjectConfigurationPlatforms) = postSolution
		{468D7B71-7E24-4F4C-AA83-2EA319F33E61}.Debug|Any CPU.ActiveCfg = Debug|Any CPU
		{468D7B71-7E24-4F4C-AA83-2EA319F33E61}.Debug|Any CPU.Build.0 = Debug|Any CPU
		{468D7B71-7E24-4F4C-AA83-2EA319F33E61}.Release|Any CPU.ActiveCfg = Release|Any CPU
		{468D7B71-7E24-4F4C-AA83-2EA319F33E61}.Release|Any CPU.Build.0 = Release|Any CPU
		{02BE3859-5CD2-4A81-A6BD-ADF658A4A1DB}.Debug|Any CPU.ActiveCfg = Debug|Any CPU
		{02BE3859-5CD2-4A81-A6BD-ADF658A4A1DB}.Debug|Any CPU.Build.0 = Debug|Any CPU
		{02BE3859-5CD2-4A81-A6BD-ADF658A4A1DB}.Release|Any CPU.ActiveCfg = Release|Any CPU
		{02BE3859-5CD2-4A81-A6BD-ADF658A4A1DB}.Release|Any CPU.Build.0 = Release|Any CPU
	EndGlobalSection
	GlobalSection(SolutionProperties) = preSolution
		HideSolutionNode = FALSE
	EndGlobalSection
	GlobalSection(ExtensibilityGlobals) = postSolution
		SolutionGuid = {C0CAB1AF-23F5-41FF-9578-CFC95ECE0DB3}
	EndGlobalSection
EndGlobal
